// !$*UTF8*$!
{
	archiveVersion = 1;
	classes = {
	};
	objectVersion = 50;
	objects = {

/* Begin PBXBuildFile section */
		162116E024548253004B6DF4 /* AppDelegate.swift in Sources */ = {isa = PBXBuildFile; fileRef = 162116DF24548253004B6DF4 /* AppDelegate.swift */; };
		162116E224548253004B6DF4 /* SceneDelegate.swift in Sources */ = {isa = PBXBuildFile; fileRef = 162116E124548253004B6DF4 /* SceneDelegate.swift */; };
		162116E424548253004B6DF4 /* ContentView.swift in Sources */ = {isa = PBXBuildFile; fileRef = 162116E324548253004B6DF4 /* ContentView.swift */; };
		162116E624548253004B6DF4 /* Assets.xcassets in Resources */ = {isa = PBXBuildFile; fileRef = 162116E524548253004B6DF4 /* Assets.xcassets */; };
		162116E924548253004B6DF4 /* Preview Assets.xcassets in Resources */ = {isa = PBXBuildFile; fileRef = 162116E824548253004B6DF4 /* Preview Assets.xcassets */; };
		162116EC24548253004B6DF4 /* LaunchScreen.storyboard in Resources */ = {isa = PBXBuildFile; fileRef = 162116EA24548253004B6DF4 /* LaunchScreen.storyboard */; };
		162116F424548268004B6DF4 /* GameScene.swift in Sources */ = {isa = PBXBuildFile; fileRef = 162116F324548268004B6DF4 /* GameScene.swift */; };
		162116F6245482F2004B6DF4 /* GameView.swift in Sources */ = {isa = PBXBuildFile; fileRef = 162116F5245482F2004B6DF4 /* GameView.swift */; };
		162116F824548587004B6DF4 /* Bubble.swift in Sources */ = {isa = PBXBuildFile; fileRef = 162116F724548587004B6DF4 /* Bubble.swift */; };
		162626862470FAE2009458B0 /* RatingView.swift in Sources */ = {isa = PBXBuildFile; fileRef = 162626852470FAE2009458B0 /* RatingView.swift */; };
		164673D4245C7C190059B348 /* UserSettings.swift in Sources */ = {isa = PBXBuildFile; fileRef = 164673D3245C7C190059B348 /* UserSettings.swift */; };
/* End PBXBuildFile section */

/* Begin PBXFileReference section */
		162116DC24548253004B6DF4 /* PopBubbles.app */ = {isa = PBXFileReference; explicitFileType = wrapper.application; includeInIndex = 0; path = PopBubbles.app; sourceTree = BUILT_PRODUCTS_DIR; };
		162116DF24548253004B6DF4 /* AppDelegate.swift */ = {isa = PBXFileReference; lastKnownFileType = sourcecode.swift; path = AppDelegate.swift; sourceTree = "<group>"; };
		162116E124548253004B6DF4 /* SceneDelegate.swift */ = {isa = PBXFileReference; lastKnownFileType = sourcecode.swift; path = SceneDelegate.swift; sourceTree = "<group>"; };
		162116E324548253004B6DF4 /* ContentView.swift */ = {isa = PBXFileReference; lastKnownFileType = sourcecode.swift; path = ContentView.swift; sourceTree = "<group>"; };
		162116E524548253004B6DF4 /* Assets.xcassets */ = {isa = PBXFileReference; lastKnownFileType = folder.assetcatalog; path = Assets.xcassets; sourceTree = "<group>"; };
		162116E824548253004B6DF4 /* Preview Assets.xcassets */ = {isa = PBXFileReference; lastKnownFileType = folder.assetcatalog; path = "Preview Assets.xcassets"; sourceTree = "<group>"; };
		162116EB24548253004B6DF4 /* Base */ = {isa = PBXFileReference; lastKnownFileType = file.storyboard; name = Base; path = Base.lproj/LaunchScreen.storyboard; sourceTree = "<group>"; };
		162116ED24548253004B6DF4 /* Info.plist */ = {isa = PBXFileReference; lastKnownFileType = text.plist.xml; path = Info.plist; sourceTree = "<group>"; };
		162116F324548268004B6DF4 /* GameScene.swift */ = {isa = PBXFileReference; lastKnownFileType = sourcecode.swift; path = GameScene.swift; sourceTree = "<group>"; };
		162116F5245482F2004B6DF4 /* GameView.swift */ = {isa = PBXFileReference; lastKnownFileType = sourcecode.swift; path = GameView.swift; sourceTree = "<group>"; };
		162116F724548587004B6DF4 /* Bubble.swift */ = {isa = PBXFileReference; lastKnownFileType = sourcecode.swift; path = Bubble.swift; sourceTree = "<group>"; };
		162626852470FAE2009458B0 /* RatingView.swift */ = {isa = PBXFileReference; lastKnownFileType = sourcecode.swift; path = RatingView.swift; sourceTree = "<group>"; };
		164673D3245C7C190059B348 /* UserSettings.swift */ = {isa = PBXFileReference; lastKnownFileType = sourcecode.swift; path = UserSettings.swift; sourceTree = "<group>"; };
/* End PBXFileReference section */

/* Begin PBXFrameworksBuildPhase section */
		162116D924548253004B6DF4 /* Frameworks */ = {
			isa = PBXFrameworksBuildPhase;
			buildActionMask = 2147483647;
			files = (
			);
			runOnlyForDeploymentPostprocessing = 0;
		};
/* End PBXFrameworksBuildPhase section */

/* Begin PBXGroup section */
		161326A0246FA1EE00CF5F77 /* Components */ = {
			isa = PBXGroup;
			children = (
				162116F724548587004B6DF4 /* Bubble.swift */,
				164673D3245C7C190059B348 /* UserSettings.swift */,
			);
			path = Components;
			sourceTree = "<group>";
		};
		162116D324548253004B6DF4 = {
			isa = PBXGroup;
			children = (
				162116DE24548253004B6DF4 /* PopBubbles */,
				162116DD24548253004B6DF4 /* Products */,
			);
			sourceTree = "<group>";
		};
		162116DD24548253004B6DF4 /* Products */ = {
			isa = PBXGroup;
			children = (
				162116DC24548253004B6DF4 /* PopBubbles.app */,
			);
			name = Products;
			sourceTree = "<group>";
		};
		162116DE24548253004B6DF4 /* PopBubbles */ = {
			isa = PBXGroup;
			children = (
				162116DF24548253004B6DF4 /* AppDelegate.swift */,
				162116E124548253004B6DF4 /* SceneDelegate.swift */,
				161326A0246FA1EE00CF5F77 /* Components */,
				162116E324548253004B6DF4 /* ContentView.swift */,
				162626852470FAE2009458B0 /* RatingView.swift */,
				162116F5245482F2004B6DF4 /* GameView.swift */,
				162116F324548268004B6DF4 /* GameScene.swift */,
				162116E524548253004B6DF4 /* Assets.xcassets */,
				162116EA24548253004B6DF4 /* LaunchScreen.storyboard */,
				162116ED24548253004B6DF4 /* Info.plist */,
				162116E724548253004B6DF4 /* Preview Content */,
			);
			path = PopBubbles;
			sourceTree = "<group>";
		};
		162116E724548253004B6DF4 /* Preview Content */ = {
			isa = PBXGroup;
			children = (
				162116E824548253004B6DF4 /* Preview Assets.xcassets */,
			);
			path = "Preview Content";
			sourceTree = "<group>";
		};
/* End PBXGroup section */

/* Begin PBXNativeTarget section */
		162116DB24548253004B6DF4 /* PopBubbles */ = {
			isa = PBXNativeTarget;
			buildConfigurationList = 162116F024548253004B6DF4 /* Build configuration list for PBXNativeTarget "PopBubbles" */;
			buildPhases = (
				162116D824548253004B6DF4 /* Sources */,
				162116D924548253004B6DF4 /* Frameworks */,
				162116DA24548253004B6DF4 /* Resources */,
			);
			buildRules = (
			);
			dependencies = (
			);
			name = PopBubbles;
			productName = PopBubbles;
			productReference = 162116DC24548253004B6DF4 /* PopBubbles.app */;
			productType = "com.apple.product-type.application";
		};
/* End PBXNativeTarget section */

/* Begin PBXProject section */
		162116D424548253004B6DF4 /* Project object */ = {
			isa = PBXProject;
			attributes = {
				LastSwiftUpdateCheck = 1140;
				LastUpgradeCheck = 1140;
				ORGANIZATIONNAME = "Nikita Sergeev";
				TargetAttributes = {
					162116DB24548253004B6DF4 = {
						CreatedOnToolsVersion = 11.4;
					};
				};
			};
			buildConfigurationList = 162116D724548253004B6DF4 /* Build configuration list for PBXProject "PopBubbles" */;
			compatibilityVersion = "Xcode 9.3";
			developmentRegion = en;
			hasScannedForEncodings = 0;
			knownRegions = (
				en,
				Base,
			);
			mainGroup = 162116D324548253004B6DF4;
			productRefGroup = 162116DD24548253004B6DF4 /* Products */;
			projectDirPath = "";
			projectRoot = "";
			targets = (
				162116DB24548253004B6DF4 /* PopBubbles */,
			);
		};
/* End PBXProject section */

/* Begin PBXResourcesBuildPhase section */
		162116DA24548253004B6DF4 /* Resources */ = {
			isa = PBXResourcesBuildPhase;
			buildActionMask = 2147483647;
			files = (
				162116EC24548253004B6DF4 /* LaunchScreen.storyboard in Resources */,
				162116E924548253004B6DF4 /* Preview Assets.xcassets in Resources */,
				162116E624548253004B6DF4 /* Assets.xcassets in Resources */,
			);
			runOnlyForDeploymentPostprocessing = 0;
		};
/* End PBXResourcesBuildPhase section */

/* Begin PBXSourcesBuildPhase section */
		162116D824548253004B6DF4 /* Sources */ = {
			isa = PBXSourcesBuildPhase;
			buildActionMask = 2147483647;
			files = (
				162116F6245482F2004B6DF4 /* GameView.swift in Sources */,
				162116F824548587004B6DF4 /* Bubble.swift in Sources */,
				162116E024548253004B6DF4 /* AppDelegate.swift in Sources */,
				162626862470FAE2009458B0 /* RatingView.swift in Sources */,
				162116E224548253004B6DF4 /* SceneDelegate.swift in Sources */,
				164673D4245C7C190059B348 /* UserSettings.swift in Sources */,
				162116F424548268004B6DF4 /* GameScene.swift in Sources */,
				162116E424548253004B6DF4 /* ContentView.swift in Sources */,
			);
			runOnlyForDeploymentPostprocessing = 0;
		};
/* End PBXSourcesBuildPhase section */

/* Begin PBXVariantGroup section */
		162116EA24548253004B6DF4 /* LaunchScreen.storyboard */ = {
			isa = PBXVariantGroup;
			children = (
				162116EB24548253004B6DF4 /* Base */,
			);
			name = LaunchScreen.storyboard;
			sourceTree = "<group>";
		};
/* End PBXVariantGroup section */

/* Begin XCBuildConfiguration section */
		162116EE24548253004B6DF4 /* Debug */ = {
			isa = XCBuildConfiguration;
			buildSettings = {
				ALWAYS_SEARCH_USER_PATHS = NO;
				CLANG_ANALYZER_NONNULL = YES;
				CLANG_ANALYZER_NUMBER_OBJECT_CONVERSION = YES_AGGRESSIVE;
				CLANG_CXX_LANGUAGE_STANDARD = "gnu++14";
				CLANG_CXX_LIBRARY = "libc++";
				CLANG_ENABLE_MODULES = YES;
				CLANG_ENABLE_OBJC_ARC = YES;
				CLANG_ENABLE_OBJC_WEAK = YES;
				CLANG_WARN_BLOCK_CAPTURE_AUTORELEASING = YES;
				CLANG_WARN_BOOL_CONVERSION = YES;
				CLANG_WARN_COMMA = YES;
				CLANG_WARN_CONSTANT_CONVERSION = YES;
				CLANG_WARN_DEPRECATED_OBJC_IMPLEMENTATIONS = YES;
				CLANG_WARN_DIRECT_OBJC_ISA_USAGE = YES_ERROR;
				CLANG_WARN_DOCUMENTATION_COMMENTS = YES;
				CLANG_WARN_EMPTY_BODY = YES;
				CLANG_WARN_ENUM_CONVERSION = YES;
				CLANG_WARN_INFINITE_RECURSION = YES;
				CLANG_WARN_INT_CONVERSION = YES;
				CLANG_WARN_NON_LITERAL_NULL_CONVERSION = YES;
				CLANG_WARN_OBJC_IMPLICIT_RETAIN_SELF = YES;
				CLANG_WARN_OBJC_LITERAL_CONVERSION = YES;
				CLANG_WARN_OBJC_ROOT_CLASS = YES_ERROR;
				CLANG_WARN_RANGE_LOOP_ANALYSIS = YES;
				CLANG_WARN_STRICT_PROTOTYPES = YES;
				CLANG_WARN_SUSPICIOUS_MOVE = YES;
				CLANG_WARN_UNGUARDED_AVAILABILITY = YES_AGGRESSIVE;
				CLANG_WARN_UNREACHABLE_CODE = YES;
				CLANG_WARN__DUPLICATE_METHOD_MATCH = YES;
				COPY_PHASE_STRIP = NO;
				DEBUG_INFORMATION_FORMAT = dwarf;
				ENABLE_STRICT_OBJC_MSGSEND = YES;
				ENABLE_TESTABILITY = YES;
				GCC_C_LANGUAGE_STANDARD = gnu11;
				GCC_DYNAMIC_NO_PIC = NO;
				GCC_NO_COMMON_BLOCKS = YES;
				GCC_OPTIMIZATION_LEVEL = 0;
				GCC_PREPROCESSOR_DEFINITIONS = (
					"DEBUG=1",
					"$(inherited)",
				);
				GCC_WARN_64_TO_32_BIT_CONVERSION = YES;
				GCC_WARN_ABOUT_RETURN_TYPE = YES_ERROR;
				GCC_WARN_UNDECLARED_SELECTOR = YES;
				GCC_WARN_UNINITIALIZED_AUTOS = YES_AGGRESSIVE;
				GCC_WARN_UNUSED_FUNCTION = YES;
				GCC_WARN_UNUSED_VARIABLE = YES;
				IPHONEOS_DEPLOYMENT_TARGET = 13.4;
				MTL_ENABLE_DEBUG_INFO = INCLUDE_SOURCE;
				MTL_FAST_MATH = YES;
				ONLY_ACTIVE_ARCH = YES;
				SDKROOT = iphoneos;
				SWIFT_ACTIVE_COMPILATION_CONDITIONS = DEBUG;
				SWIFT_OPTIMIZATION_LEVEL = "-Onone";
			};
			name = Debug;
		};
		162116EF24548253004B6DF4 /* Release */ = {
			isa = XCBuildConfiguration;
			buildSettings = {
				ALWAYS_SEARCH_USER_PATHS = NO;
				CLANG_ANALYZER_NONNULL = YES;
				CLANG_ANALYZER_NUMBER_OBJECT_CONVERSION = YES_AGGRESSIVE;
				CLANG_CXX_LANGUAGE_STANDARD = "gnu++14";
				CLANG_CXX_LIBRARY = "libc++";
				CLANG_ENABLE_MODULES = YES;
				CLANG_ENABLE_OBJC_ARC = YES;
				CLANG_ENABLE_OBJC_WEAK = YES;
				CLANG_WARN_BLOCK_CAPTURE_AUTORELEASING = YES;
				CLANG_WARN_BOOL_CONVERSION = YES;
				CLANG_WARN_COMMA = YES;
				CLANG_WARN_CONSTANT_CONVERSION = YES;
				CLANG_WARN_DEPRECATED_OBJC_IMPLEMENTATIONS = YES;
				CLANG_WARN_DIRECT_OBJC_ISA_USAGE = YES_ERROR;
				CLANG_WARN_DOCUMENTATION_COMMENTS = YES;
				CLANG_WARN_EMPTY_BODY = YES;
				CLANG_WARN_ENUM_CONVERSION = YES;
				CLANG_WARN_INFINITE_RECURSION = YES;
				CLANG_WARN_INT_CONVERSION = YES;
				CLANG_WARN_NON_LITERAL_NULL_CONVERSION = YES;
				CLANG_WARN_OBJC_IMPLICIT_RETAIN_SELF = YES;
				CLANG_WARN_OBJC_LITERAL_CONVERSION = YES;
				CLANG_WARN_OBJC_ROOT_CLASS = YES_ERROR;
				CLANG_WARN_RANGE_LOOP_ANALYSIS = YES;
				CLANG_WARN_STRICT_PROTOTYPES = YES;
				CLANG_WARN_SUSPICIOUS_MOVE = YES;
				CLANG_WARN_UNGUARDED_AVAILABILITY = YES_AGGRESSIVE;
				CLANG_WARN_UNREACHABLE_CODE = YES;
				CLANG_WARN__DUPLICATE_METHOD_MATCH = YES;
				COPY_PHASE_STRIP = NO;
				DEBUG_INFORMATION_FORMAT = "dwarf-with-dsym";
				ENABLE_NS_ASSERTIONS = NO;
				ENABLE_STRICT_OBJC_MSGSEND = YES;
				GCC_C_LANGUAGE_STANDARD = gnu11;
				GCC_NO_COMMON_BLOCKS = YES;
				GCC_WARN_64_TO_32_BIT_CONVERSION = YES;
				GCC_WARN_ABOUT_RETURN_TYPE = YES_ERROR;
				GCC_WARN_UNDECLARED_SELECTOR = YES;
				GCC_WARN_UNINITIALIZED_AUTOS = YES_AGGRESSIVE;
				GCC_WARN_UNUSED_FUNCTION = YES;
				GCC_WARN_UNUSED_VARIABLE = YES;
				IPHONEOS_DEPLOYMENT_TARGET = 13.4;
				MTL_ENABLE_DEBUG_INFO = NO;
				MTL_FAST_MATH = YES;
				SDKROOT = iphoneos;
				SWIFT_COMPILATION_MODE = wholemodule;
				SWIFT_OPTIMIZATION_LEVEL = "-O";
				VALIDATE_PRODUCT = YES;
			};
			name = Release;
		};
		162116F124548253004B6DF4 /* Debug */ = {
			isa = XCBuildConfiguration;
			buildSettings = {
				ASSETCATALOG_COMPILER_APPICON_NAME = AppIcon;
				CODE_SIGN_STYLE = Automatic;
				DEVELOPMENT_ASSET_PATHS = "\"PopBubbles/Preview Content\"";
				DEVELOPMENT_TEAM = 4448Y33678;
				ENABLE_PREVIEWS = YES;
				INFOPLIST_FILE = PopBubbles/Info.plist;
				LD_RUNPATH_SEARCH_PATHS = (
					"$(inherited)",
					"@executable_path/Frameworks",
				);
				PRODUCT_BUNDLE_IDENTIFIER = nsergeev.PopBubbles;
				PRODUCT_NAME = "$(TARGET_NAME)";
				SWIFT_VERSION = 5.0;
				TARGETED_DEVICE_FAMILY = "1,2";
			};
			name = Debug;
		};
		162116F224548253004B6DF4 /* Release */ = {
			isa = XCBuildConfiguration;
			buildSettings = {
				ASSETCATALOG_COMPILER_APPICON_NAME = AppIcon;
				CODE_SIGN_STYLE = Automatic;
				DEVELOPMENT_ASSET_PATHS = "\"PopBubbles/Preview Content\"";
				DEVELOPMENT_TEAM = 4448Y33678;
				ENABLE_PREVIEWS = YES;
				INFOPLIST_FILE = PopBubbles/Info.plist;
				LD_RUNPATH_SEARCH_PATHS = (
					"$(inherited)",
					"@executable_path/Frameworks",
				);
				PRODUCT_BUNDLE_IDENTIFIER = nsergeev.PopBubbles;
				PRODUCT_NAME = "$(TARGET_NAME)";
				SWIFT_VERSION = 5.0;
				TARGETED_DEVICE_FAMILY = "1,2";
			};
			name = Release;
		};
/* End XCBuildConfiguration section */

/* Begin XCConfigurationList section */
		162116D724548253004B6DF4 /* Build configuration list for PBXProject "PopBubbles" */ = {
			isa = XCConfigurationList;
			buildConfigurations = (
				162116EE24548253004B6DF4 /* Debug */,
				162116EF24548253004B6DF4 /* Release */,
			);
			defaultConfigurationIsVisible = 0;
			defaultConfigurationName = Release;
		};
		162116F024548253004B6DF4 /* Build configuration list for PBXNativeTarget "PopBubbles" */ = {
			isa = XCConfigurationList;
			buildConfigurations = (
				162116F124548253004B6DF4 /* Debug */,
				162116F224548253004B6DF4 /* Release */,
			);
			defaultConfigurationIsVisible = 0;
			defaultConfigurationName = Release;
		};
/* End XCConfigurationList section */
	};
	rootObject = 162116D424548253004B6DF4 /* Project object */;
}
